{
  "name": "astn-tokenizer-lib",
  "version": "0.2.0",
  "lockfileVersion": 2,
  "requires": true,
  "packages": {
    "": {
      "name": "astn-tokenizer-lib",
      "version": "0.2.0",
      "license": "ISC",
      "dependencies": {
        "astn-tokenconsumer-api": "^0.3.4",
        "astn-tokenizer-api": "^0.1.1",
        "pareto-lang-lib": "^0.8.0",
        "pareto-runtime": "^0.24.0"
      }
    },
    "node_modules/astn-tokenconsumer-api": {
      "version": "0.3.4",
      "resolved": "https://registry.npmjs.org/astn-tokenconsumer-api/-/astn-tokenconsumer-api-0.3.4.tgz",
      "integrity": "sha512-KsmXBkvCGSOV6e3qlACuWut4336jcDVnQT7eVEp6rdfCPQXA8gzt9DSsmSj5sLlPmIXxvdfUbCrD6r6CThrn5A=="
    },
    "node_modules/astn-tokenizer-api": {
      "version": "0.1.1",
      "resolved": "https://registry.npmjs.org/astn-tokenizer-api/-/astn-tokenizer-api-0.1.1.tgz",
      "integrity": "sha512-ABchUzZg9uK5xaqO3OMF9eyK708r/7F5MKU8KHsz/KNmiwueDNSlxGoCADxJZT1u487jiVXnQz0/mJsMBBAvyg=="
    },
    "node_modules/pareto-lang-api": {
      "version": "0.6.0",
      "resolved": "https://registry.npmjs.org/pareto-lang-api/-/pareto-lang-api-0.6.0.tgz",
      "integrity": "sha512-rKtnWp5DHlwPHLCnBHMIW5Bhx+enwNGroiaWJnca0Mtybf9zWVaOA3zjA14eDEDEyOiLJbG/6FO8YXwp7MlwTw=="
    },
    "node_modules/pareto-lang-lib": {
      "version": "0.8.0",
      "resolved": "https://registry.npmjs.org/pareto-lang-lib/-/pareto-lang-lib-0.8.0.tgz",
      "integrity": "sha512-zZBianB7Q36UeUlxz3jjBUgKs4BmQ/J583r39AftOXlo8JJxUY1cMXPe/yVbdKaLpMdxyh9/Atg9zQ6gwDQD1A==",
      "dependencies": {
        "pareto-lang-api": "^0.6.0"
      }
    },
    "node_modules/pareto-runtime": {
      "version": "0.24.0",
      "resolved": "https://registry.npmjs.org/pareto-runtime/-/pareto-runtime-0.24.0.tgz",
      "integrity": "sha512-bwqDIk+jW6TsQScsyG/3Xatpug4eLGtH1OxSNodMq249UmUq2XSHyi7jDPCEGpxY9c+LpXu95l/aZqgWennIAA==",
      "dependencies": {
        "pareto-lang-api": "^0.6.0"
      }
    }
  },
  "dependencies": {
    "astn-tokenconsumer-api": {
      "version": "0.3.4",
      "resolved": "https://registry.npmjs.org/astn-tokenconsumer-api/-/astn-tokenconsumer-api-0.3.4.tgz",
      "integrity": "sha512-KsmXBkvCGSOV6e3qlACuWut4336jcDVnQT7eVEp6rdfCPQXA8gzt9DSsmSj5sLlPmIXxvdfUbCrD6r6CThrn5A=="
    },
    "astn-tokenizer-api": {
      "version": "0.1.1",
      "resolved": "https://registry.npmjs.org/astn-tokenizer-api/-/astn-tokenizer-api-0.1.1.tgz",
      "integrity": "sha512-ABchUzZg9uK5xaqO3OMF9eyK708r/7F5MKU8KHsz/KNmiwueDNSlxGoCADxJZT1u487jiVXnQz0/mJsMBBAvyg=="
    },
    "pareto-lang-api": {
      "version": "0.6.0",
      "resolved": "https://registry.npmjs.org/pareto-lang-api/-/pareto-lang-api-0.6.0.tgz",
      "integrity": "sha512-rKtnWp5DHlwPHLCnBHMIW5Bhx+enwNGroiaWJnca0Mtybf9zWVaOA3zjA14eDEDEyOiLJbG/6FO8YXwp7MlwTw=="
    },
    "pareto-lang-lib": {
      "version": "0.8.0",
      "resolved": "https://registry.npmjs.org/pareto-lang-lib/-/pareto-lang-lib-0.8.0.tgz",
      "integrity": "sha512-zZBianB7Q36UeUlxz3jjBUgKs4BmQ/J583r39AftOXlo8JJxUY1cMXPe/yVbdKaLpMdxyh9/Atg9zQ6gwDQD1A==",
      "requires": {
        "pareto-lang-api": "^0.6.0"
      }
    },
    "pareto-runtime": {
      "version": "0.24.0",
      "resolved": "https://registry.npmjs.org/pareto-runtime/-/pareto-runtime-0.24.0.tgz",
      "integrity": "sha512-bwqDIk+jW6TsQScsyG/3Xatpug4eLGtH1OxSNodMq249UmUq2XSHyi7jDPCEGpxY9c+LpXu95l/aZqgWennIAA==",
      "requires": {
        "pareto-lang-api": "^0.6.0"
      }
    }
  }
}
