{
  "name": "astn-serializer-api",
  "version": "0.6.2",
  "lockfileVersion": 2,
  "requires": true,
  "packages": {
    "": {
      "name": "astn-serializer-api",
      "version": "0.6.2",
      "license": "ISC",
      "dependencies": {
        "astn-handlers-api": "^0.5.0",
        "pareto-runtime": "^0.22.0"
      }
    },
    "node_modules/astn-handlers-api": {
      "version": "0.5.0",
      "resolved": "https://registry.npmjs.org/astn-handlers-api/-/astn-handlers-api-0.5.0.tgz",
      "integrity": "sha512-8wMQu9iHjDkHTm4EF6lFnE+65VWghEBYs58Mnt1DSaeytaBBDm9Oz/5w258dScZRK9aoQ2ZDJrQ6vAAzF0Mp5w==",
      "dependencies": {
        "astn-tokenconsumer-api": "^0.3.1"
      }
    },
    "node_modules/astn-tokenconsumer-api": {
      "version": "0.3.1",
      "resolved": "https://registry.npmjs.org/astn-tokenconsumer-api/-/astn-tokenconsumer-api-0.3.1.tgz",
      "integrity": "sha512-YPcbCCJgWPv0Rn8+qBCjFtBuvN1ipJwDAbN4jgTNBE2y9o+37ZYYcXQeq56CE4LjE5yWQoukjrMe5pQDWoZ7pA=="
    },
    "node_modules/pareto-runtime": {
      "version": "0.22.0",
      "resolved": "https://registry.npmjs.org/pareto-runtime/-/pareto-runtime-0.22.0.tgz",
      "integrity": "sha512-v4T0pCv+ARIKntB7ZjKqqXBmLDbMzhrMFP4XODpF7DkELWJina/DAr/UVuMYwnz32QN7O9AHunsCVnHOOcKfHQ=="
    }
  },
  "dependencies": {
    "astn-handlers-api": {
      "version": "0.5.0",
      "resolved": "https://registry.npmjs.org/astn-handlers-api/-/astn-handlers-api-0.5.0.tgz",
      "integrity": "sha512-8wMQu9iHjDkHTm4EF6lFnE+65VWghEBYs58Mnt1DSaeytaBBDm9Oz/5w258dScZRK9aoQ2ZDJrQ6vAAzF0Mp5w==",
      "requires": {
        "astn-tokenconsumer-api": "^0.3.1"
      }
    },
    "astn-tokenconsumer-api": {
      "version": "0.3.1",
      "resolved": "https://registry.npmjs.org/astn-tokenconsumer-api/-/astn-tokenconsumer-api-0.3.1.tgz",
      "integrity": "sha512-YPcbCCJgWPv0Rn8+qBCjFtBuvN1ipJwDAbN4jgTNBE2y9o+37ZYYcXQeq56CE4LjE5yWQoukjrMe5pQDWoZ7pA=="
    },
    "pareto-runtime": {
      "version": "0.22.0",
      "resolved": "https://registry.npmjs.org/pareto-runtime/-/pareto-runtime-0.22.0.tgz",
      "integrity": "sha512-v4T0pCv+ARIKntB7ZjKqqXBmLDbMzhrMFP4XODpF7DkELWJina/DAr/UVuMYwnz32QN7O9AHunsCVnHOOcKfHQ=="
    }
  }
}
